
Microsoft Visual Studio Solution File, Format Version 12.00
# Visual Studio Version 17
VisualStudioVersion = 17.4.33205.214
MinimumVisualStudioVersion = 10.0.40219.1
Project("{FAE04EC0-301F-11D3-BF4B-00C04F79EFBC}") = "MeuEccomerce.API", "MeuEccomerce\MeuEccomerce.API.csproj", "{371C4AC2-2930-45CB-95F1-B57734722597}"
EndProject
Project("{FAE04EC0-301F-11D3-BF4B-00C04F79EFBC}") = "MeuEccomerce.Domain", "MeuEccomerce.Domain\MeuEccomerce.Domain.csproj", "{A9EA95AA-B41E-48B3-B23C-5CCC0AD8F2A7}"
EndProject
Project("{FAE04EC0-301F-11D3-BF4B-00C04F79EFBC}") = "MeuEccomerce.Infrastructure", "MeuEccomerce.Infrastructure\MeuEccomerce.Infrastructure.csproj", "{5D9EBFE8-A807-47C3-ADAE-11D80504D4F2}"
EndProject
Global
	GlobalSection(SolutionConfigurationPlatforms) = preSolution
		Debug|Any CPU = Debug|Any CPU
		Release|Any CPU = Release|Any CPU
	EndGlobalSection
	GlobalSection(ProjectConfigurationPlatforms) = postSolution
		{371C4AC2-2930-45CB-95F1-B57734722597}.Debug|Any CPU.ActiveCfg = Debug|Any CPU
		{371C4AC2-2930-45CB-95F1-B57734722597}.Debug|Any CPU.Build.0 = Debug|Any CPU
		{371C4AC2-2930-45CB-95F1-B57734722597}.Release|Any CPU.ActiveCfg = Release|Any CPU
		{371C4AC2-2930-45CB-95F1-B57734722597}.Release|Any CPU.Build.0 = Release|Any CPU
		{A9EA95AA-B41E-48B3-B23C-5CCC0AD8F2A7}.Debug|Any CPU.ActiveCfg = Debug|Any CPU
		{A9EA95AA-B41E-48B3-B23C-5CCC0AD8F2A7}.Debug|Any CPU.Build.0 = Debug|Any CPU
		{A9EA95AA-B41E-48B3-B23C-5CCC0AD8F2A7}.Release|Any CPU.ActiveCfg = Release|Any CPU
		{A9EA95AA-B41E-48B3-B23C-5CCC0AD8F2A7}.Release|Any CPU.Build.0 = Release|Any CPU
		{5D9EBFE8-A807-47C3-ADAE-11D80504D4F2}.Debug|Any CPU.ActiveCfg = Debug|Any CPU
		{5D9EBFE8-A807-47C3-ADAE-11D80504D4F2}.Debug|Any CPU.Build.0 = Debug|Any CPU
		{5D9EBFE8-A807-47C3-ADAE-11D80504D4F2}.Release|Any CPU.ActiveCfg = Release|Any CPU
		{5D9EBFE8-A807-47C3-ADAE-11D80504D4F2}.Release|Any CPU.Build.0 = Release|Any CPU
	EndGlobalSection
	GlobalSection(SolutionProperties) = preSolution
		HideSolutionNode = FALSE
	EndGlobalSection
	GlobalSection(ExtensibilityGlobals) = postSolution
		SolutionGuid = {A15765A0-133D-44B3-867C-AB27C5D319D4}
	EndGlobalSection
EndGlobal
